
Microsoft Visual Studio Solution File, Format Version 12.00
# Visual Studio Version 17
VisualStudioVersion = 17.7.34221.43
MinimumVisualStudioVersion = 10.0.40219.1
Project("{9A19103F-16F7-4668-BE54-9A1E7A4F7556}") = "NotepadPlusPlus_17.11.23", "NotepadPlusPlus_17.11.23.csproj", "{A655B4F6-4865-48CA-A13A-EA15FC4BDD62}"
EndProject
Global
	GlobalSection(SolutionConfigurationPlatforms) = preSolution
		Debug|Any CPU = Debug|Any CPU
		Release|Any CPU = Release|Any CPU
	EndGlobalSection
	GlobalSection(ProjectConfigurationPlatforms) = postSolution
		{A655B4F6-4865-48CA-A13A-EA15FC4BDD62}.Debug|Any CPU.ActiveCfg = Debug|Any CPU
		{A655B4F6-4865-48CA-A13A-EA15FC4BDD62}.Debug|Any CPU.Build.0 = Debug|Any CPU
		{A655B4F6-4865-48CA-A13A-EA15FC4BDD62}.Release|Any CPU.ActiveCfg = Release|Any CPU
		{A655B4F6-4865-48CA-A13A-EA15FC4BDD62}.Release|Any CPU.Build.0 = Release|Any CPU
	EndGlobalSection
	GlobalSection(SolutionProperties) = preSolution
		HideSolutionNode = FALSE
	EndGlobalSection
	GlobalSection(ExtensibilityGlobals) = postSolution
		SolutionGuid = {79A0A243-D7D9-4DA6-870E-49D42793C1D6}
	EndGlobalSection
EndGlobal
